
Microsoft Visual Studio Solution File, Format Version 12.00
# Visual Studio Version 16
VisualStudioVersion = 16.0.30517.126
MinimumVisualStudioVersion = 10.0.40219.1
Project("{2150E333-8FDC-42A3-9474-1A3956D46DE8}") = "proto", "proto", "{4D8F11B9-C528-44FE-8838-E6B11736DB53}"
	ProjectSection(SolutionItems) = preProject
		calculator.proto = calculator.proto
		conversation.proto = conversation.proto
		counter.proto = counter.proto
		dummy.proto = dummy.proto
		greeting.proto = greeting.proto
		uploader.proto = uploader.proto
	EndProjectSection
EndProject
Project("{FAE04EC0-301F-11D3-BF4B-00C04F79EFBC}") = "client", "client\client.csproj", "{0732A432-A257-4A82-8BCB-E5F6105D5BB3}"
EndProject
Project("{FAE04EC0-301F-11D3-BF4B-00C04F79EFBC}") = "server", "server\server.csproj", "{963DB444-82BC-4CC0-B55A-2ACEB06E88B8}"
EndProject
Project("{2150E333-8FDC-42A3-9474-1A3956D46DE8}") = "Solution Items", "Solution Items", "{D8E8EDDA-CB13-4AA5-9221-9374DA69D0BF}"
	ProjectSection(SolutionItems) = preProject
		.editorconfig = .editorconfig
	EndProjectSection
EndProject
Global
	GlobalSection(SolutionConfigurationPlatforms) = preSolution
		Debug|Any CPU = Debug|Any CPU
		Release|Any CPU = Release|Any CPU
	EndGlobalSection
	GlobalSection(ProjectConfigurationPlatforms) = postSolution
		{0732A432-A257-4A82-8BCB-E5F6105D5BB3}.Debug|Any CPU.ActiveCfg = Debug|Any CPU
		{0732A432-A257-4A82-8BCB-E5F6105D5BB3}.Debug|Any CPU.Build.0 = Debug|Any CPU
		{0732A432-A257-4A82-8BCB-E5F6105D5BB3}.Release|Any CPU.ActiveCfg = Release|Any CPU
		{0732A432-A257-4A82-8BCB-E5F6105D5BB3}.Release|Any CPU.Build.0 = Release|Any CPU
		{963DB444-82BC-4CC0-B55A-2ACEB06E88B8}.Debug|Any CPU.ActiveCfg = Debug|Any CPU
		{963DB444-82BC-4CC0-B55A-2ACEB06E88B8}.Debug|Any CPU.Build.0 = Debug|Any CPU
		{963DB444-82BC-4CC0-B55A-2ACEB06E88B8}.Release|Any CPU.ActiveCfg = Release|Any CPU
		{963DB444-82BC-4CC0-B55A-2ACEB06E88B8}.Release|Any CPU.Build.0 = Release|Any CPU
	EndGlobalSection
	GlobalSection(SolutionProperties) = preSolution
		HideSolutionNode = FALSE
	EndGlobalSection
	GlobalSection(ExtensibilityGlobals) = postSolution
		SolutionGuid = {64D80843-98BF-444B-888A-ACB23D7826BF}
	EndGlobalSection
EndGlobal
